{
  "nodes": {
    "nixpkgs": {
      "inputs": {
        "nixpkgs": "nixpkgs_2"
      },
      "locked": {
        "lastModified": 1769895423,
        "narHash": "sha256-TrMaENJ5V+2zNUGrb6dj11rNiQGaRzu/S79dKeOJVyU=",
        "owner": "nix-ocaml",
        "repo": "nix-overlays",
        "rev": "1ccfa0c4e189b360af5efd4a97bdcdb8ba06c532",
        "type": "github"
      },
      "original": {
        "owner": "nix-ocaml",
        "repo": "nix-overlays",
        "type": "github"
      }
    },
    "nixpkgs_2": {
      "locked": {
        "lastModified": 1769857600,
        "narHash": "sha256-OD08gxDrlLYQQSKzM1lprIYBbzE69E+p0JYImLUNbHk=",
        "owner": "NixOS",
        "repo": "nixpkgs",
        "rev": "fbecbb2032376ee9bd3e95c14a3b070cf3f4e079",
        "type": "github"
      },
      "original": {
        "owner": "NixOS",
        "repo": "nixpkgs",
        "rev": "fbecbb2032376ee9bd3e95c14a3b070cf3f4e079",
        "type": "github"
      }
    },
    "root": {
      "inputs": {
        "nixpkgs": "nixpkgs"
      }
    }
  },
  "root": "root",
  "version": 7
}
