{
  "nodes": {
    "flake-utils": {
      "inputs": {
        "systems": "systems"
      },
      "locked": {
        "lastModified": 1689068808,
        "narHash": "sha256-6ixXo3wt24N/melDWjq70UuHQLxGV8jZvooRanIHXw0=",
        "owner": "numtide",
        "repo": "flake-utils",
        "rev": "919d646de7be200f3bf08cb76ae1f09402b6f9b4",
        "type": "github"
      },
      "original": {
        "owner": "numtide",
        "repo": "flake-utils",
        "type": "github"
      }
    },
    "melange": {
      "inputs": {
        "flake-utils": [
          "flake-utils"
        ],
        "melange-compiler-libs": "melange-compiler-libs",
        "nix-filter": [
          "nix-filter"
        ],
        "nixpkgs": [
          "nixpkgs"
        ]
      },
      "locked": {
        "lastModified": 1685563568,
        "narHash": "sha256-nbdH3TKhgCfofhRxOyl5pv4nz9EiuOqZM4ExFkwTgAw=",
        "owner": "melange-re",
        "repo": "melange",
        "rev": "c989a91761a9b1bcc8af80fb9653eab897360325",
        "type": "github"
      },
      "original": {
        "owner": "melange-re",
        "ref": "1.0.0",
        "repo": "melange",
        "type": "github"
      }
    },
    "melange-compiler-libs": {
      "inputs": {
        "flake-utils": [
          "melange",
          "flake-utils"
        ],
        "nixpkgs": [
          "melange",
          "nixpkgs"
        ]
      },
      "locked": {
        "lastModified": 1685926663,
        "narHash": "sha256-P+HhbuBJBWSPVe5cUEZQxkwjYcrCw8g+pOhd2u2YTHM=",
        "owner": "melange-re",
        "repo": "melange-compiler-libs",
        "rev": "38bb9de36cb1f0af85b039943521c3e1244dbcb9",
        "type": "github"
      },
      "original": {
        "owner": "melange-re",
        "repo": "melange-compiler-libs",
        "rev": "38bb9de36cb1f0af85b039943521c3e1244dbcb9",
        "type": "github"
      }
    },
    "nix-filter": {
      "locked": {
        "lastModified": 1687178632,
        "narHash": "sha256-HS7YR5erss0JCaUijPeyg2XrisEb959FIct3n2TMGbE=",
        "owner": "numtide",
        "repo": "nix-filter",
        "rev": "d90c75e8319d0dd9be67d933d8eb9d0894ec9174",
        "type": "github"
      },
      "original": {
        "owner": "numtide",
        "repo": "nix-filter",
        "type": "github"
      }
    },
    "nix-filter_2": {
      "locked": {
        "lastModified": 1681154353,
        "narHash": "sha256-MCJ5FHOlbfQRFwN0brqPbCunLEVw05D/3sRVoNVt2tI=",
        "owner": "numtide",
        "repo": "nix-filter",
        "rev": "f529f42792ade8e32c4be274af6b6d60857fbee7",
        "type": "github"
      },
      "original": {
        "owner": "numtide",
        "repo": "nix-filter",
        "type": "github"
      }
    },
    "nixpkgs": {
      "inputs": {
        "flake-utils": [
          "flake-utils"
        ],
        "nixpkgs": "nixpkgs_2"
      },
      "locked": {
        "lastModified": 1689290902,
        "narHash": "sha256-PIaAOnx3FKhX+8Sd3NXDJWV39xOhA+/PMLxS6MoCIGw=",
        "owner": "nix-ocaml",
        "repo": "nix-overlays",
        "rev": "9bde209329b262d0e72076b14debf0b414604277",
        "type": "github"
      },
      "original": {
        "owner": "nix-ocaml",
        "repo": "nix-overlays",
        "type": "github"
      }
    },
    "nixpkgs_2": {
      "locked": {
        "lastModified": 1689266139,
        "narHash": "sha256-EhZf5w0eVWG55m++EK6oOqwkou9acK7EwhsSruca8bE=",
        "owner": "NixOS",
        "repo": "nixpkgs",
        "rev": "ee5e438359f45b5344acb0d3dcb1a9291eba63b2",
        "type": "github"
      },
      "original": {
        "owner": "NixOS",
        "repo": "nixpkgs",
        "rev": "ee5e438359f45b5344acb0d3dcb1a9291eba63b2",
        "type": "github"
      }
    },
    "root": {
      "inputs": {
        "flake-utils": "flake-utils",
        "melange": "melange",
        "nix-filter": "nix-filter_2",
        "nixpkgs": "nixpkgs"
      }
    },
    "systems": {
      "locked": {
        "lastModified": 1681028828,
        "narHash": "sha256-Vy1rq5AaRuLzOxct8nz4T6wlgyUR7zLU309k9mBC768=",
        "owner": "nix-systems",
        "repo": "default",
        "rev": "da67096a3b9bf56a91d16901293e51ba5b49a27e",
        "type": "github"
      },
      "original": {
        "owner": "nix-systems",
        "repo": "default",
        "type": "github"
      }
    }
  },
  "root": "root",
  "version": 7
}
